// !$*UTF8*$!
{
	archiveVersion = 1;
	classes = {
	};
	objectVersion = 46;
	objects = {

/* Begin PBXBuildFile section */
		B601582517B7CC57003C8FCD /* main.cpp in Sources */ = {isa = PBXBuildFile; fileRef = B601582417B7CC57003C8FCD /* main.cpp */; };
		B601582717B7CC57003C8FCD /* Trilight.1 in CopyFiles */ = {isa = PBXBuildFile; fileRef = B601582617B7CC57003C8FCD /* Trilight.1 */; };
		B601582F17B7CC92003C8FCD /* SDLMain.m in Sources */ = {isa = PBXBuildFile; fileRef = B601582E17B7CC92003C8FCD /* SDLMain.m */; };
		B601583917B7CD43003C8FCD /* SDL.framework in Frameworks */ = {isa = PBXBuildFile; fileRef = B601583517B7CD43003C8FCD /* SDL.framework */; };
		B601583A17B7CD43003C8FCD /* SDL_ttf.framework in Frameworks */ = {isa = PBXBuildFile; fileRef = B601583617B7CD43003C8FCD /* SDL_ttf.framework */; };
		B601583D17B7CD51003C8FCD /* Cocoa.framework in Frameworks */ = {isa = PBXBuildFile; fileRef = B601583C17B7CD51003C8FCD /* Cocoa.framework */; };
		B601584717B7D43C003C8FCD /* OpenGL.framework in Frameworks */ = {isa = PBXBuildFile; fileRef = B601584617B7D43C003C8FCD /* OpenGL.framework */; };
		B601584B17B7D4BC003C8FCD /* stopWatch.cpp in Sources */ = {isa = PBXBuildFile; fileRef = B601584917B7D4BC003C8FCD /* stopWatch.cpp */; };
		B601585217B7D982003C8FCD /* color.cpp in Sources */ = {isa = PBXBuildFile; fileRef = B601585017B7D982003C8FCD /* color.cpp */; };
		B601585517B7DAD8003C8FCD /* rect.cpp in Sources */ = {isa = PBXBuildFile; fileRef = B601585317B7DAD8003C8FCD /* rect.cpp */; };
		B601585B17B7DC6B003C8FCD /* light.cpp in Sources */ = {isa = PBXBuildFile; fileRef = B601585917B7DC6B003C8FCD /* light.cpp */; };
		B627D0F018176955004D3CAB /* font.cpp in Sources */ = {isa = PBXBuildFile; fileRef = B627D0EE18176955004D3CAB /* font.cpp */; };
		B627D0F91821DC1A004D3CAB /* autoLight.cpp in Sources */ = {isa = PBXBuildFile; fileRef = B627D0F71821DC1A004D3CAB /* autoLight.cpp */; };
		B6666C83180467420002CBBF /* texture.cpp in Sources */ = {isa = PBXBuildFile; fileRef = B6666C81180467420002CBBF /* texture.cpp */; };
		B6666C8818046FD00002CBBF /* utility.cpp in Sources */ = {isa = PBXBuildFile; fileRef = B6666C8618046FD00002CBBF /* utility.cpp */; };
		B6CC488417D4D4A500A6508F /* vector.cpp in Sources */ = {isa = PBXBuildFile; fileRef = B6CC488217D4D4A500A6508F /* vector.cpp */; };
		B6CC488817D4D4D100A6508F /* point.cpp in Sources */ = {isa = PBXBuildFile; fileRef = B6CC488617D4D4D100A6508F /* point.cpp */; };
		B6CC488F17D501DD00A6508F /* algebra.cpp in Sources */ = {isa = PBXBuildFile; fileRef = B6CC488D17D501DD00A6508F /* algebra.cpp */; };
		B6CC489917D6439900A6508F /* polygon.cpp in Sources */ = {isa = PBXBuildFile; fileRef = B6CC489717D6439800A6508F /* polygon.cpp */; };
		B6CC489C17D6C01600A6508F /* edge.cpp in Sources */ = {isa = PBXBuildFile; fileRef = B6CC489A17D6C01600A6508F /* edge.cpp */; };
		B6D0686D1813788E00C975C1 /* pathBuilder.cpp in Sources */ = {isa = PBXBuildFile; fileRef = B6D0686B1813788E00C975C1 /* pathBuilder.cpp */; };
		B6D186D51809FF8E0073BEB4 /* GLUT.framework in Frameworks */ = {isa = PBXBuildFile; fileRef = B6D186D41809FF8E0073BEB4 /* GLUT.framework */; };
		B6D186DA180C50780073BEB4 /* tile.cpp in Sources */ = {isa = PBXBuildFile; fileRef = B6D186D8180C50780073BEB4 /* tile.cpp */; };
		B6D186DD180C50E50073BEB4 /* tileMap.cpp in Sources */ = {isa = PBXBuildFile; fileRef = B6D186DB180C50E50073BEB4 /* tileMap.cpp */; };
		B6D186E1180DB3790073BEB4 /* path.cpp in Sources */ = {isa = PBXBuildFile; fileRef = B6D186DF180DB3790073BEB4 /* path.cpp */; };
		B6E08F751805B159001ACCB6 /* loadPNG.cpp in Sources */ = {isa = PBXBuildFile; fileRef = B6E08F731805B159001ACCB6 /* loadPNG.cpp */; };
		B6E08F811808815D001ACCB6 /* scene.cpp in Sources */ = {isa = PBXBuildFile; fileRef = B6E08F7F1808815D001ACCB6 /* scene.cpp */; };
		B6E08F841809DA0C001ACCB6 /* octpus.cpp in Sources */ = {isa = PBXBuildFile; fileRef = B6E08F821809DA0C001ACCB6 /* octpus.cpp */; };
/* End PBXBuildFile section */

/* Begin PBXCopyFilesBuildPhase section */
		B601581E17B7CC57003C8FCD /* CopyFiles */ = {
			isa = PBXCopyFilesBuildPhase;
			buildActionMask = 2147483647;
			dstPath = /usr/share/man/man1/;
			dstSubfolderSpec = 0;
			files = (
				B601582717B7CC57003C8FCD /* Trilight.1 in CopyFiles */,
			);
			runOnlyForDeploymentPostprocessing = 1;
		};
/* End PBXCopyFilesBuildPhase section */

/* Begin PBXFileReference section */
		B601582017B7CC57003C8FCD /* Trilight */ = {isa = PBXFileReference; explicitFileType = "compiled.mach-o.executable"; includeInIndex = 0; path = Trilight; sourceTree = BUILT_PRODUCTS_DIR; };
		B601582417B7CC57003C8FCD /* main.cpp */ = {isa = PBXFileReference; lastKnownFileType = sourcecode.cpp.cpp; path = main.cpp; sourceTree = "<group>"; };
		B601582617B7CC57003C8FCD /* Trilight.1 */ = {isa = PBXFileReference; lastKnownFileType = text.man; path = Trilight.1; sourceTree = "<group>"; };
		B601582D17B7CC92003C8FCD /* SDLMain.h */ = {isa = PBXFileReference; fileEncoding = 4; lastKnownFileType = sourcecode.c.h; path = SDLMain.h; sourceTree = "<group>"; };
		B601582E17B7CC92003C8FCD /* SDLMain.m */ = {isa = PBXFileReference; fileEncoding = 4; lastKnownFileType = sourcecode.c.objc; path = SDLMain.m; sourceTree = "<group>"; };
		B601583517B7CD43003C8FCD /* SDL.framework */ = {isa = PBXFileReference; lastKnownFileType = wrapper.framework; name = SDL.framework; path = ../../../../Library/Frameworks/SDL.framework; sourceTree = "<group>"; };
		B601583617B7CD43003C8FCD /* SDL_ttf.framework */ = {isa = PBXFileReference; lastKnownFileType = wrapper.framework; name = SDL_ttf.framework; path = ../../../../Library/Frameworks/SDL_ttf.framework; sourceTree = "<group>"; };
		B601583C17B7CD51003C8FCD /* Cocoa.framework */ = {isa = PBXFileReference; lastKnownFileType = wrapper.framework; name = Cocoa.framework; path = System/Library/Frameworks/Cocoa.framework; sourceTree = SDKROOT; };
		B601584617B7D43C003C8FCD /* OpenGL.framework */ = {isa = PBXFileReference; lastKnownFileType = wrapper.framework; name = OpenGL.framework; path = System/Library/Frameworks/OpenGL.framework; sourceTree = SDKROOT; };
		B601584917B7D4BC003C8FCD /* stopWatch.cpp */ = {isa = PBXFileReference; fileEncoding = 4; lastKnownFileType = sourcecode.cpp.cpp; path = stopWatch.cpp; sourceTree = "<group>"; };
		B601584A17B7D4BC003C8FCD /* stopWatch.h */ = {isa = PBXFileReference; fileEncoding = 4; lastKnownFileType = sourcecode.c.h; path = stopWatch.h; sourceTree = "<group>"; };
		B601585017B7D982003C8FCD /* color.cpp */ = {isa = PBXFileReference; fileEncoding = 4; lastKnownFileType = sourcecode.cpp.cpp; path = color.cpp; sourceTree = "<group>"; };
		B601585117B7D982003C8FCD /* color.h */ = {isa = PBXFileReference; fileEncoding = 4; lastKnownFileType = sourcecode.c.h; path = color.h; sourceTree = "<group>"; };
		B601585317B7DAD8003C8FCD /* rect.cpp */ = {isa = PBXFileReference; fileEncoding = 4; lastKnownFileType = sourcecode.cpp.cpp; path = rect.cpp; sourceTree = "<group>"; };
		B601585417B7DAD8003C8FCD /* rect.h */ = {isa = PBXFileReference; fileEncoding = 4; lastKnownFileType = sourcecode.c.h; path = rect.h; sourceTree = "<group>"; };
		B601585917B7DC6B003C8FCD /* light.cpp */ = {isa = PBXFileReference; fileEncoding = 4; lastKnownFileType = sourcecode.cpp.cpp; path = light.cpp; sourceTree = "<group>"; };
		B601585A17B7DC6B003C8FCD /* light.h */ = {isa = PBXFileReference; fileEncoding = 4; lastKnownFileType = sourcecode.c.h; path = light.h; sourceTree = "<group>"; };
		B627D0EC181768BA004D3CAB /* fontTile.png */ = {isa = PBXFileReference; lastKnownFileType = image.png; path = fontTile.png; sourceTree = "<group>"; };
		B627D0EE18176955004D3CAB /* font.cpp */ = {isa = PBXFileReference; fileEncoding = 4; lastKnownFileType = sourcecode.cpp.cpp; path = font.cpp; sourceTree = "<group>"; };
		B627D0EF18176955004D3CAB /* font.h */ = {isa = PBXFileReference; fileEncoding = 4; lastKnownFileType = sourcecode.c.h; path = font.h; sourceTree = "<group>"; };
		B627D0F71821DC1A004D3CAB /* autoLight.cpp */ = {isa = PBXFileReference; fileEncoding = 4; lastKnownFileType = sourcecode.cpp.cpp; path = autoLight.cpp; sourceTree = "<group>"; };
		B627D0F81821DC1A004D3CAB /* autoLight.h */ = {isa = PBXFileReference; fileEncoding = 4; lastKnownFileType = sourcecode.c.h; path = autoLight.h; sourceTree = "<group>"; };
		B6666C81180467420002CBBF /* texture.cpp */ = {isa = PBXFileReference; fileEncoding = 4; lastKnownFileType = sourcecode.cpp.cpp; path = texture.cpp; sourceTree = "<group>"; };
		B6666C82180467420002CBBF /* texture.h */ = {isa = PBXFileReference; fileEncoding = 4; lastKnownFileType = sourcecode.c.h; path = texture.h; sourceTree = "<group>"; };
		B6666C8518046B880002CBBF /* white.png */ = {isa = PBXFileReference; lastKnownFileType = image.png; path = white.png; sourceTree = "<group>"; };
		B6666C8618046FD00002CBBF /* utility.cpp */ = {isa = PBXFileReference; fileEncoding = 4; lastKnownFileType = sourcecode.cpp.cpp; path = utility.cpp; sourceTree = "<group>"; };
		B6666C8718046FD00002CBBF /* utility.h */ = {isa = PBXFileReference; fileEncoding = 4; lastKnownFileType = sourcecode.c.h; path = utility.h; sourceTree = "<group>"; };
		B6CC488217D4D4A500A6508F /* vector.cpp */ = {isa = PBXFileReference; fileEncoding = 4; lastKnownFileType = sourcecode.cpp.cpp; path = vector.cpp; sourceTree = "<group>"; };
		B6CC488317D4D4A500A6508F /* vector.h */ = {isa = PBXFileReference; fileEncoding = 4; lastKnownFileType = sourcecode.c.h; path = vector.h; sourceTree = "<group>"; };
		B6CC488617D4D4D100A6508F /* point.cpp */ = {isa = PBXFileReference; fileEncoding = 4; lastKnownFileType = sourcecode.cpp.cpp; path = point.cpp; sourceTree = "<group>"; };
		B6CC488717D4D4D100A6508F /* point.h */ = {isa = PBXFileReference; fileEncoding = 4; lastKnownFileType = sourcecode.c.h; path = point.h; sourceTree = "<group>"; };
		B6CC488D17D501DD00A6508F /* algebra.cpp */ = {isa = PBXFileReference; fileEncoding = 4; lastKnownFileType = sourcecode.cpp.cpp; path = algebra.cpp; sourceTree = "<group>"; };
		B6CC488E17D501DD00A6508F /* algebra.h */ = {isa = PBXFileReference; fileEncoding = 4; lastKnownFileType = sourcecode.c.h; path = algebra.h; sourceTree = "<group>"; };
		B6CC489717D6439800A6508F /* polygon.cpp */ = {isa = PBXFileReference; fileEncoding = 4; lastKnownFileType = sourcecode.cpp.cpp; path = polygon.cpp; sourceTree = "<group>"; };
		B6CC489817D6439900A6508F /* polygon.h */ = {isa = PBXFileReference; fileEncoding = 4; lastKnownFileType = sourcecode.c.h; path = polygon.h; sourceTree = "<group>"; };
		B6CC489A17D6C01600A6508F /* edge.cpp */ = {isa = PBXFileReference; fileEncoding = 4; lastKnownFileType = sourcecode.cpp.cpp; path = edge.cpp; sourceTree = "<group>"; };
		B6CC489B17D6C01600A6508F /* edge.h */ = {isa = PBXFileReference; fileEncoding = 4; lastKnownFileType = sourcecode.c.h; path = edge.h; sourceTree = "<group>"; };
		B6D0686B1813788E00C975C1 /* pathBuilder.cpp */ = {isa = PBXFileReference; fileEncoding = 4; lastKnownFileType = sourcecode.cpp.cpp; path = pathBuilder.cpp; sourceTree = "<group>"; };
		B6D0686C1813788E00C975C1 /* pathBuilder.h */ = {isa = PBXFileReference; fileEncoding = 4; lastKnownFileType = sourcecode.c.h; path = pathBuilder.h; sourceTree = "<group>"; };
		B6D0686E1813843700C975C1 /* level1.path */ = {isa = PBXFileReference; fileEncoding = 4; lastKnownFileType = text; path = level1.path; sourceTree = "<group>"; };
		B6D186D41809FF8E0073BEB4 /* GLUT.framework */ = {isa = PBXFileReference; lastKnownFileType = wrapper.framework; name = GLUT.framework; path = System/Library/Frameworks/GLUT.framework; sourceTree = SDKROOT; };
		B6D186D6180C4F270073BEB4 /* tiles.png */ = {isa = PBXFileReference; lastKnownFileType = image.png; path = tiles.png; sourceTree = "<group>"; };
		B6D186D8180C50780073BEB4 /* tile.cpp */ = {isa = PBXFileReference; fileEncoding = 4; lastKnownFileType = sourcecode.cpp.cpp; path = tile.cpp; sourceTree = "<group>"; };
		B6D186D9180C50780073BEB4 /* tile.h */ = {isa = PBXFileReference; fileEncoding = 4; lastKnownFileType = sourcecode.c.h; path = tile.h; sourceTree = "<group>"; };
		B6D186DB180C50E50073BEB4 /* tileMap.cpp */ = {isa = PBXFileReference; fileEncoding = 4; lastKnownFileType = sourcecode.cpp.cpp; path = tileMap.cpp; sourceTree = "<group>"; };
		B6D186DC180C50E50073BEB4 /* tileMap.h */ = {isa = PBXFileReference; fileEncoding = 4; lastKnownFileType = sourcecode.c.h; path = tileMap.h; sourceTree = "<group>"; };
		B6D186DE180CD6040073BEB4 /* level.txt */ = {isa = PBXFileReference; fileEncoding = 4; lastKnownFileType = text; path = level.txt; sourceTree = "<group>"; };
		B6D186DF180DB3790073BEB4 /* path.cpp */ = {isa = PBXFileReference; fileEncoding = 4; lastKnownFileType = sourcecode.cpp.cpp; path = path.cpp; sourceTree = "<group>"; };
		B6D186E0180DB3790073BEB4 /* path.h */ = {isa = PBXFileReference; fileEncoding = 4; lastKnownFileType = sourcecode.c.h; path = path.h; sourceTree = "<group>"; };
		B6D186E2180F87840073BEB4 /* constant.h */ = {isa = PBXFileReference; fileEncoding = 4; lastKnownFileType = sourcecode.c.h; path = constant.h; sourceTree = "<group>"; };
		B6E08F731805B159001ACCB6 /* loadPNG.cpp */ = {isa = PBXFileReference; fileEncoding = 4; lastKnownFileType = sourcecode.cpp.cpp; path = loadPNG.cpp; sourceTree = "<group>"; };
		B6E08F741805B159001ACCB6 /* loadPNG.h */ = {isa = PBXFileReference; fileEncoding = 4; lastKnownFileType = sourcecode.c.h; path = loadPNG.h; sourceTree = "<group>"; };
		B6E08F7C18084BDD001ACCB6 /* sprite.h */ = {isa = PBXFileReference; fileEncoding = 4; lastKnownFileType = sourcecode.c.h; path = sprite.h; sourceTree = "<group>"; };
		B6E08F7F1808815D001ACCB6 /* scene.cpp */ = {isa = PBXFileReference; fileEncoding = 4; lastKnownFileType = sourcecode.cpp.cpp; path = scene.cpp; sourceTree = "<group>"; };
		B6E08F801808815D001ACCB6 /* scene.h */ = {isa = PBXFileReference; fileEncoding = 4; lastKnownFileType = sourcecode.c.h; path = scene.h; sourceTree = "<group>"; };
		B6E08F821809DA0C001ACCB6 /* octpus.cpp */ = {isa = PBXFileReference; fileEncoding = 4; lastKnownFileType = sourcecode.cpp.cpp; path = octpus.cpp; sourceTree = "<group>"; };
		B6E08F831809DA0C001ACCB6 /* octpus.h */ = {isa = PBXFileReference; fileEncoding = 4; lastKnownFileType = sourcecode.c.h; path = octpus.h; sourceTree = "<group>"; };
/* End PBXFileReference section */

/* Begin PBXFrameworksBuildPhase section */
		B601581D17B7CC57003C8FCD /* Frameworks */ = {
			isa = PBXFrameworksBuildPhase;
			buildActionMask = 2147483647;
			files = (
				B601584717B7D43C003C8FCD /* OpenGL.framework in Frameworks */,
				B601583D17B7CD51003C8FCD /* Cocoa.framework in Frameworks */,
				B601583917B7CD43003C8FCD /* SDL.framework in Frameworks */,
				B601583A17B7CD43003C8FCD /* SDL_ttf.framework in Frameworks */,
				B6D186D51809FF8E0073BEB4 /* GLUT.framework in Frameworks */,
			);
			runOnlyForDeploymentPostprocessing = 0;
		};
/* End PBXFrameworksBuildPhase section */

/* Begin PBXGroup section */
		B601581517B7CC57003C8FCD = {
			isa = PBXGroup;
			children = (
				B6D186D41809FF8E0073BEB4 /* GLUT.framework */,
				B601584617B7D43C003C8FCD /* OpenGL.framework */,
				B601583C17B7CD51003C8FCD /* Cocoa.framework */,
				B601583517B7CD43003C8FCD /* SDL.framework */,
				B601583617B7CD43003C8FCD /* SDL_ttf.framework */,
				B601582317B7CC57003C8FCD /* Trilight */,
				B601582117B7CC57003C8FCD /* Products */,
			);
			sourceTree = "<group>";
		};
		B601582117B7CC57003C8FCD /* Products */ = {
			isa = PBXGroup;
			children = (
				B601582017B7CC57003C8FCD /* Trilight */,
			);
			name = Products;
			sourceTree = "<group>";
		};
		B601582317B7CC57003C8FCD /* Trilight */ = {
			isa = PBXGroup;
			children = (
				B6809D071823E769000A0657 /* shader */,
				B627D0ED18176922004D3CAB /* font */,
				B6D186D7180C505D0073BEB4 /* path */,
				B6E08F851809DF16001ACCB6 /* sprite */,
				B6D186E2180F87840073BEB4 /* constant.h */,
				B601582417B7CC57003C8FCD /* main.cpp */,
				B6E08F7F1808815D001ACCB6 /* scene.cpp */,
				B6E08F801808815D001ACCB6 /* scene.h */,
				B6E08F761805E72F001ACCB6 /* extern */,
				B6666C8418046B6E0002CBBF /* image */,
				B6666C801804672C0002CBBF /* light */,
				B6CC489117D501E700A6508F /* geometry */,
				B601584917B7D4BC003C8FCD /* stopWatch.cpp */,
				B601584A17B7D4BC003C8FCD /* stopWatch.h */,
				B601582D17B7CC92003C8FCD /* SDLMain.h */,
				B601582E17B7CC92003C8FCD /* SDLMain.m */,
				B601582617B7CC57003C8FCD /* Trilight.1 */,
				B601585017B7D982003C8FCD /* color.cpp */,
				B601585117B7D982003C8FCD /* color.h */,
				B6666C81180467420002CBBF /* texture.cpp */,
				B6666C82180467420002CBBF /* texture.h */,
				B6666C8618046FD00002CBBF /* utility.cpp */,
				B6666C8718046FD00002CBBF /* utility.h */,
			);
			path = Trilight;
			sourceTree = "<group>";
		};
		B627D0ED18176922004D3CAB /* font */ = {
			isa = PBXGroup;
			children = (
				B627D0EE18176955004D3CAB /* font.cpp */,
				B627D0EF18176955004D3CAB /* font.h */,
			);
			name = font;
			sourceTree = "<group>";
		};
		B6666C801804672C0002CBBF /* light */ = {
			isa = PBXGroup;
			children = (
				B601585917B7DC6B003C8FCD /* light.cpp */,
				B601585A17B7DC6B003C8FCD /* light.h */,
				B627D0F71821DC1A004D3CAB /* autoLight.cpp */,
				B627D0F81821DC1A004D3CAB /* autoLight.h */,
			);
			name = light;
			sourceTree = "<group>";
		};
		B6666C8418046B6E0002CBBF /* image */ = {
			isa = PBXGroup;
			children = (
				B627D0EC181768BA004D3CAB /* fontTile.png */,
				B6D186D6180C4F270073BEB4 /* tiles.png */,
				B6666C8518046B880002CBBF /* white.png */,
			);
			name = image;
			sourceTree = "<group>";
		};
		B6809D071823E769000A0657 /* shader */ = {
			isa = PBXGroup;
			children = (
			);
			name = shader;
			sourceTree = "<group>";
		};
		B6CC489117D501E700A6508F /* geometry */ = {
			isa = PBXGroup;
			children = (
				B601585317B7DAD8003C8FCD /* rect.cpp */,
				B601585417B7DAD8003C8FCD /* rect.h */,
				B6CC488217D4D4A500A6508F /* vector.cpp */,
				B6CC488317D4D4A500A6508F /* vector.h */,
				B6CC488617D4D4D100A6508F /* point.cpp */,
				B6CC488717D4D4D100A6508F /* point.h */,
				B6CC488D17D501DD00A6508F /* algebra.cpp */,
				B6CC488E17D501DD00A6508F /* algebra.h */,
				B6CC489717D6439800A6508F /* polygon.cpp */,
				B6CC489817D6439900A6508F /* polygon.h */,
				B6CC489A17D6C01600A6508F /* edge.cpp */,
				B6CC489B17D6C01600A6508F /* edge.h */,
			);
			name = geometry;
			sourceTree = "<group>";
		};
		B6D186D7180C505D0073BEB4 /* path */ = {
			isa = PBXGroup;
			children = (
				B6D186DF180DB3790073BEB4 /* path.cpp */,
				B6D186E0180DB3790073BEB4 /* path.h */,
				B6D0686B1813788E00C975C1 /* pathBuilder.cpp */,
				B6D0686C1813788E00C975C1 /* pathBuilder.h */,
				B6D0686E1813843700C975C1 /* level1.path */,
			);
			name = path;
			sourceTree = "<group>";
		};
		B6E08F761805E72F001ACCB6 /* extern */ = {
			isa = PBXGroup;
			children = (
				B6E08F731805B159001ACCB6 /* loadPNG.cpp */,
				B6E08F741805B159001ACCB6 /* loadPNG.h */,
			);
			name = extern;
			sourceTree = "<group>";
		};
		B6E08F851809DF16001ACCB6 /* sprite */ = {
			isa = PBXGroup;
			children = (
				B6D186D8180C50780073BEB4 /* tile.cpp */,
				B6D186D9180C50780073BEB4 /* tile.h */,
				B6D186DB180C50E50073BEB4 /* tileMap.cpp */,
				B6D186DC180C50E50073BEB4 /* tileMap.h */,
				B6D186DE180CD6040073BEB4 /* level.txt */,
				B6E08F7C18084BDD001ACCB6 /* sprite.h */,
				B6E08F821809DA0C001ACCB6 /* octpus.cpp */,
				B6E08F831809DA0C001ACCB6 /* octpus.h */,
			);
			name = sprite;
			sourceTree = "<group>";
		};
/* End PBXGroup section */

/* Begin PBXNativeTarget section */
		B601581F17B7CC57003C8FCD /* Trilight */ = {
			isa = PBXNativeTarget;
			buildConfigurationList = B601582A17B7CC57003C8FCD /* Build configuration list for PBXNativeTarget "Trilight" */;
			buildPhases = (
				B601581C17B7CC57003C8FCD /* Sources */,
				B601581D17B7CC57003C8FCD /* Frameworks */,
				B601581E17B7CC57003C8FCD /* CopyFiles */,
			);
			buildRules = (
			);
			dependencies = (
			);
			name = Trilight;
			productName = Trilight;
			productReference = B601582017B7CC57003C8FCD /* Trilight */;
			productType = "com.apple.product-type.tool";
		};
/* End PBXNativeTarget section */

/* Begin PBXProject section */
		B601581717B7CC57003C8FCD /* Project object */ = {
			isa = PBXProject;
			attributes = {
				LastUpgradeCheck = 0500;
				ORGANIZATIONNAME = Yue;
			};
			buildConfigurationList = B601581A17B7CC57003C8FCD /* Build configuration list for PBXProject "Trilight" */;
			compatibilityVersion = "Xcode 3.2";
			developmentRegion = English;
			hasScannedForEncodings = 0;
			knownRegions = (
				en,
			);
			mainGroup = B601581517B7CC57003C8FCD;
			productRefGroup = B601582117B7CC57003C8FCD /* Products */;
			projectDirPath = "";
			projectRoot = "";
			targets = (
				B601581F17B7CC57003C8FCD /* Trilight */,
			);
		};
/* End PBXProject section */

/* Begin PBXSourcesBuildPhase section */
		B601581C17B7CC57003C8FCD /* Sources */ = {
			isa = PBXSourcesBuildPhase;
			buildActionMask = 2147483647;
			files = (
				B601582517B7CC57003C8FCD /* main.cpp in Sources */,
				B601582F17B7CC92003C8FCD /* SDLMain.m in Sources */,
				B627D0F018176955004D3CAB /* font.cpp in Sources */,
				B601584B17B7D4BC003C8FCD /* stopWatch.cpp in Sources */,
				B6E08F751805B159001ACCB6 /* loadPNG.cpp in Sources */,
				B627D0F91821DC1A004D3CAB /* autoLight.cpp in Sources */,
				B601585217B7D982003C8FCD /* color.cpp in Sources */,
				B6D186DA180C50780073BEB4 /* tile.cpp in Sources */,
				B601585517B7DAD8003C8FCD /* rect.cpp in Sources */,
				B601585B17B7DC6B003C8FCD /* light.cpp in Sources */,
				B6D0686D1813788E00C975C1 /* pathBuilder.cpp in Sources */,
				B6D186DD180C50E50073BEB4 /* tileMap.cpp in Sources */,
				B6666C8818046FD00002CBBF /* utility.cpp in Sources */,
				B6E08F811808815D001ACCB6 /* scene.cpp in Sources */,
				B6CC488417D4D4A500A6508F /* vector.cpp in Sources */,
				B6E08F841809DA0C001ACCB6 /* octpus.cpp in Sources */,
				B6CC488817D4D4D100A6508F /* point.cpp in Sources */,
				B6CC488F17D501DD00A6508F /* algebra.cpp in Sources */,
				B6666C83180467420002CBBF /* texture.cpp in Sources */,
				B6CC489917D6439900A6508F /* polygon.cpp in Sources */,
				B6CC489C17D6C01600A6508F /* edge.cpp in Sources */,
				B6D186E1180DB3790073BEB4 /* path.cpp in Sources */,
			);
			runOnlyForDeploymentPostprocessing = 0;
		};
/* End PBXSourcesBuildPhase section */

/* Begin XCBuildConfiguration section */
		B601582817B7CC57003C8FCD /* Debug */ = {
			isa = XCBuildConfiguration;
			buildSettings = {
				ALWAYS_SEARCH_USER_PATHS = NO;
				CLANG_CXX_LANGUAGE_STANDARD = "gnu++0x";
				CLANG_CXX_LIBRARY = "libc++";
				CLANG_WARN_EMPTY_BODY = YES;
				CLANG_WARN__DUPLICATE_METHOD_MATCH = YES;
				COPY_PHASE_STRIP = NO;
				GCC_C_LANGUAGE_STANDARD = gnu99;
				GCC_DYNAMIC_NO_PIC = NO;
				GCC_ENABLE_OBJC_EXCEPTIONS = YES;
				GCC_OPTIMIZATION_LEVEL = 0;
				GCC_PREPROCESSOR_DEFINITIONS = (
					"DEBUG=1",
					"$(inherited)",
				);
				GCC_SYMBOLS_PRIVATE_EXTERN = NO;
				GCC_WARN_64_TO_32_BIT_CONVERSION = YES;
				GCC_WARN_ABOUT_RETURN_TYPE = YES;
				GCC_WARN_UNINITIALIZED_AUTOS = YES;
				GCC_WARN_UNUSED_VARIABLE = YES;
				MACOSX_DEPLOYMENT_TARGET = 10.7;
				ONLY_ACTIVE_ARCH = YES;
				SDKROOT = macosx;
			};
			name = Debug;
		};
		B601582917B7CC57003C8FCD /* Release */ = {
			isa = XCBuildConfiguration;
			buildSettings = {
				ALWAYS_SEARCH_USER_PATHS = NO;
				CLANG_CXX_LANGUAGE_STANDARD = "gnu++0x";
				CLANG_CXX_LIBRARY = "libc++";
				CLANG_WARN_EMPTY_BODY = YES;
				CLANG_WARN__DUPLICATE_METHOD_MATCH = YES;
				COPY_PHASE_STRIP = YES;
				DEBUG_INFORMATION_FORMAT = "dwarf-with-dsym";
				GCC_C_LANGUAGE_STANDARD = gnu99;
				GCC_ENABLE_OBJC_EXCEPTIONS = YES;
				GCC_WARN_64_TO_32_BIT_CONVERSION = YES;
				GCC_WARN_ABOUT_RETURN_TYPE = YES;
				GCC_WARN_UNINITIALIZED_AUTOS = YES;
				GCC_WARN_UNUSED_VARIABLE = YES;
				MACOSX_DEPLOYMENT_TARGET = 10.7;
				SDKROOT = macosx;
			};
			name = Release;
		};
		B601582B17B7CC57003C8FCD /* Debug */ = {
			isa = XCBuildConfiguration;
			buildSettings = {
				FRAMEWORK_SEARCH_PATHS = (
					/Library/Frameworks,
					"$(LOCAL_LIBRARY_DIR)/Frameworks",
				);
				PRODUCT_NAME = "$(TARGET_NAME)";
			};
			name = Debug;
		};
		B601582C17B7CC57003C8FCD /* Release */ = {
			isa = XCBuildConfiguration;
			buildSettings = {
				FRAMEWORK_SEARCH_PATHS = (
					/Library/Frameworks,
					"$(LOCAL_LIBRARY_DIR)/Frameworks",
				);
				PRODUCT_NAME = "$(TARGET_NAME)";
			};
			name = Release;
		};
/* End XCBuildConfiguration section */

/* Begin XCConfigurationList section */
		B601581A17B7CC57003C8FCD /* Build configuration list for PBXProject "Trilight" */ = {
			isa = XCConfigurationList;
			buildConfigurations = (
				B601582817B7CC57003C8FCD /* Debug */,
				B601582917B7CC57003C8FCD /* Release */,
			);
			defaultConfigurationIsVisible = 0;
			defaultConfigurationName = Release;
		};
		B601582A17B7CC57003C8FCD /* Build configuration list for PBXNativeTarget "Trilight" */ = {
			isa = XCConfigurationList;
			buildConfigurations = (
				B601582B17B7CC57003C8FCD /* Debug */,
				B601582C17B7CC57003C8FCD /* Release */,
			);
			defaultConfigurationIsVisible = 0;
			defaultConfigurationName = Release;
		};
/* End XCConfigurationList section */
	};
	rootObject = B601581717B7CC57003C8FCD /* Project object */;
}
