// !$*UTF8*$!
{
	archiveVersion = 1;
	classes = {
	};
	objectVersion = 46;
	objects = {

/* Begin PBXBuildFile section */
		B601582517B7CC57003C8FCD /* main.cpp in Sources */ = {isa = PBXBuildFile; fileRef = B601582417B7CC57003C8FCD /* main.cpp */; };
		B601582717B7CC57003C8FCD /* Trilight.1 in CopyFiles */ = {isa = PBXBuildFile; fileRef = B601582617B7CC57003C8FCD /* Trilight.1 */; };
		B601582F17B7CC92003C8FCD /* SDLMain.m in Sources */ = {isa = PBXBuildFile; fileRef = B601582E17B7CC92003C8FCD /* SDLMain.m */; };
		B601583817B7CD43003C8FCD /* SDL_image.framework in Frameworks */ = {isa = PBXBuildFile; fileRef = B601583417B7CD43003C8FCD /* SDL_image.framework */; };
		B601583917B7CD43003C8FCD /* SDL.framework in Frameworks */ = {isa = PBXBuildFile; fileRef = B601583517B7CD43003C8FCD /* SDL.framework */; };
		B601583A17B7CD43003C8FCD /* SDL_ttf.framework in Frameworks */ = {isa = PBXBuildFile; fileRef = B601583617B7CD43003C8FCD /* SDL_ttf.framework */; };
		B601583B17B7CD43003C8FCD /* SDL_mixer.framework in Frameworks */ = {isa = PBXBuildFile; fileRef = B601583717B7CD43003C8FCD /* SDL_mixer.framework */; };
		B601583D17B7CD51003C8FCD /* Cocoa.framework in Frameworks */ = {isa = PBXBuildFile; fileRef = B601583C17B7CD51003C8FCD /* Cocoa.framework */; };
		B601584717B7D43C003C8FCD /* OpenGL.framework in Frameworks */ = {isa = PBXBuildFile; fileRef = B601584617B7D43C003C8FCD /* OpenGL.framework */; };
		B601584B17B7D4BC003C8FCD /* stopWatch.cpp in Sources */ = {isa = PBXBuildFile; fileRef = B601584917B7D4BC003C8FCD /* stopWatch.cpp */; };
		B601585217B7D982003C8FCD /* color.cpp in Sources */ = {isa = PBXBuildFile; fileRef = B601585017B7D982003C8FCD /* color.cpp */; };
		B601585517B7DAD8003C8FCD /* rect.cpp in Sources */ = {isa = PBXBuildFile; fileRef = B601585317B7DAD8003C8FCD /* rect.cpp */; };
		B601585B17B7DC6B003C8FCD /* light.cpp in Sources */ = {isa = PBXBuildFile; fileRef = B601585917B7DC6B003C8FCD /* light.cpp */; };
		B6CC488417D4D4A500A6508F /* vector.cpp in Sources */ = {isa = PBXBuildFile; fileRef = B6CC488217D4D4A500A6508F /* vector.cpp */; };
		B6CC488817D4D4D100A6508F /* point.cpp in Sources */ = {isa = PBXBuildFile; fileRef = B6CC488617D4D4D100A6508F /* point.cpp */; };
		B6CC488F17D501DD00A6508F /* algebra.cpp in Sources */ = {isa = PBXBuildFile; fileRef = B6CC488D17D501DD00A6508F /* algebra.cpp */; };
		B6CC489917D6439900A6508F /* polygon.cpp in Sources */ = {isa = PBXBuildFile; fileRef = B6CC489717D6439800A6508F /* polygon.cpp */; };
		B6CC489C17D6C01600A6508F /* edge.cpp in Sources */ = {isa = PBXBuildFile; fileRef = B6CC489A17D6C01600A6508F /* edge.cpp */; };
/* End PBXBuildFile section */

/* Begin PBXCopyFilesBuildPhase section */
		B601581E17B7CC57003C8FCD /* CopyFiles */ = {
			isa = PBXCopyFilesBuildPhase;
			buildActionMask = 2147483647;
			dstPath = /usr/share/man/man1/;
			dstSubfolderSpec = 0;
			files = (
				B601582717B7CC57003C8FCD /* Trilight.1 in CopyFiles */,
			);
			runOnlyForDeploymentPostprocessing = 1;
		};
/* End PBXCopyFilesBuildPhase section */

/* Begin PBXFileReference section */
		B601582017B7CC57003C8FCD /* Trilight */ = {isa = PBXFileReference; explicitFileType = "compiled.mach-o.executable"; includeInIndex = 0; path = Trilight; sourceTree = BUILT_PRODUCTS_DIR; };
		B601582417B7CC57003C8FCD /* main.cpp */ = {isa = PBXFileReference; lastKnownFileType = sourcecode.cpp.cpp; path = main.cpp; sourceTree = "<group>"; };
		B601582617B7CC57003C8FCD /* Trilight.1 */ = {isa = PBXFileReference; lastKnownFileType = text.man; path = Trilight.1; sourceTree = "<group>"; };
		B601582D17B7CC92003C8FCD /* SDLMain.h */ = {isa = PBXFileReference; fileEncoding = 4; lastKnownFileType = sourcecode.c.h; path = SDLMain.h; sourceTree = "<group>"; };
		B601582E17B7CC92003C8FCD /* SDLMain.m */ = {isa = PBXFileReference; fileEncoding = 4; lastKnownFileType = sourcecode.c.objc; path = SDLMain.m; sourceTree = "<group>"; };
		B601583417B7CD43003C8FCD /* SDL_image.framework */ = {isa = PBXFileReference; lastKnownFileType = wrapper.framework; name = SDL_image.framework; path = ../../../../Library/Frameworks/SDL_image.framework; sourceTree = "<group>"; };
		B601583517B7CD43003C8FCD /* SDL.framework */ = {isa = PBXFileReference; lastKnownFileType = wrapper.framework; name = SDL.framework; path = ../../../../Library/Frameworks/SDL.framework; sourceTree = "<group>"; };
		B601583617B7CD43003C8FCD /* SDL_ttf.framework */ = {isa = PBXFileReference; lastKnownFileType = wrapper.framework; name = SDL_ttf.framework; path = ../../../../Library/Frameworks/SDL_ttf.framework; sourceTree = "<group>"; };
		B601583717B7CD43003C8FCD /* SDL_mixer.framework */ = {isa = PBXFileReference; lastKnownFileType = wrapper.framework; name = SDL_mixer.framework; path = ../../../../Library/Frameworks/SDL_mixer.framework; sourceTree = "<group>"; };
		B601583C17B7CD51003C8FCD /* Cocoa.framework */ = {isa = PBXFileReference; lastKnownFileType = wrapper.framework; name = Cocoa.framework; path = System/Library/Frameworks/Cocoa.framework; sourceTree = SDKROOT; };
		B601584617B7D43C003C8FCD /* OpenGL.framework */ = {isa = PBXFileReference; lastKnownFileType = wrapper.framework; name = OpenGL.framework; path = System/Library/Frameworks/OpenGL.framework; sourceTree = SDKROOT; };
		B601584917B7D4BC003C8FCD /* stopWatch.cpp */ = {isa = PBXFileReference; fileEncoding = 4; lastKnownFileType = sourcecode.cpp.cpp; path = stopWatch.cpp; sourceTree = "<group>"; };
		B601584A17B7D4BC003C8FCD /* stopWatch.h */ = {isa = PBXFileReference; fileEncoding = 4; lastKnownFileType = sourcecode.c.h; path = stopWatch.h; sourceTree = "<group>"; };
		B601585017B7D982003C8FCD /* color.cpp */ = {isa = PBXFileReference; fileEncoding = 4; lastKnownFileType = sourcecode.cpp.cpp; path = color.cpp; sourceTree = "<group>"; };
		B601585117B7D982003C8FCD /* color.h */ = {isa = PBXFileReference; fileEncoding = 4; lastKnownFileType = sourcecode.c.h; path = color.h; sourceTree = "<group>"; };
		B601585317B7DAD8003C8FCD /* rect.cpp */ = {isa = PBXFileReference; fileEncoding = 4; lastKnownFileType = sourcecode.cpp.cpp; path = rect.cpp; sourceTree = "<group>"; };
		B601585417B7DAD8003C8FCD /* rect.h */ = {isa = PBXFileReference; fileEncoding = 4; lastKnownFileType = sourcecode.c.h; path = rect.h; sourceTree = "<group>"; };
		B601585917B7DC6B003C8FCD /* light.cpp */ = {isa = PBXFileReference; fileEncoding = 4; lastKnownFileType = sourcecode.cpp.cpp; path = light.cpp; sourceTree = "<group>"; };
		B601585A17B7DC6B003C8FCD /* light.h */ = {isa = PBXFileReference; fileEncoding = 4; lastKnownFileType = sourcecode.c.h; path = light.h; sourceTree = "<group>"; };
		B6CC488217D4D4A500A6508F /* vector.cpp */ = {isa = PBXFileReference; fileEncoding = 4; lastKnownFileType = sourcecode.cpp.cpp; path = vector.cpp; sourceTree = "<group>"; };
		B6CC488317D4D4A500A6508F /* vector.h */ = {isa = PBXFileReference; fileEncoding = 4; lastKnownFileType = sourcecode.c.h; path = vector.h; sourceTree = "<group>"; };
		B6CC488617D4D4D100A6508F /* point.cpp */ = {isa = PBXFileReference; fileEncoding = 4; lastKnownFileType = sourcecode.cpp.cpp; path = point.cpp; sourceTree = "<group>"; };
		B6CC488717D4D4D100A6508F /* point.h */ = {isa = PBXFileReference; fileEncoding = 4; lastKnownFileType = sourcecode.c.h; path = point.h; sourceTree = "<group>"; };
		B6CC488D17D501DD00A6508F /* algebra.cpp */ = {isa = PBXFileReference; fileEncoding = 4; lastKnownFileType = sourcecode.cpp.cpp; path = algebra.cpp; sourceTree = "<group>"; };
		B6CC488E17D501DD00A6508F /* algebra.h */ = {isa = PBXFileReference; fileEncoding = 4; lastKnownFileType = sourcecode.c.h; path = algebra.h; sourceTree = "<group>"; };
		B6CC489717D6439800A6508F /* polygon.cpp */ = {isa = PBXFileReference; fileEncoding = 4; lastKnownFileType = sourcecode.cpp.cpp; path = polygon.cpp; sourceTree = "<group>"; };
		B6CC489817D6439900A6508F /* polygon.h */ = {isa = PBXFileReference; fileEncoding = 4; lastKnownFileType = sourcecode.c.h; path = polygon.h; sourceTree = "<group>"; };
		B6CC489A17D6C01600A6508F /* edge.cpp */ = {isa = PBXFileReference; fileEncoding = 4; lastKnownFileType = sourcecode.cpp.cpp; path = edge.cpp; sourceTree = "<group>"; };
		B6CC489B17D6C01600A6508F /* edge.h */ = {isa = PBXFileReference; fileEncoding = 4; lastKnownFileType = sourcecode.c.h; path = edge.h; sourceTree = "<group>"; };
/* End PBXFileReference section */

/* Begin PBXFrameworksBuildPhase section */
		B601581D17B7CC57003C8FCD /* Frameworks */ = {
			isa = PBXFrameworksBuildPhase;
			buildActionMask = 2147483647;
			files = (
				B601584717B7D43C003C8FCD /* OpenGL.framework in Frameworks */,
				B601583D17B7CD51003C8FCD /* Cocoa.framework in Frameworks */,
				B601583817B7CD43003C8FCD /* SDL_image.framework in Frameworks */,
				B601583917B7CD43003C8FCD /* SDL.framework in Frameworks */,
				B601583A17B7CD43003C8FCD /* SDL_ttf.framework in Frameworks */,
				B601583B17B7CD43003C8FCD /* SDL_mixer.framework in Frameworks */,
			);
			runOnlyForDeploymentPostprocessing = 0;
		};
/* End PBXFrameworksBuildPhase section */

/* Begin PBXGroup section */
		B601581517B7CC57003C8FCD = {
			isa = PBXGroup;
			children = (
				B601584617B7D43C003C8FCD /* OpenGL.framework */,
				B601583C17B7CD51003C8FCD /* Cocoa.framework */,
				B601583417B7CD43003C8FCD /* SDL_image.framework */,
				B601583517B7CD43003C8FCD /* SDL.framework */,
				B601583617B7CD43003C8FCD /* SDL_ttf.framework */,
				B601583717B7CD43003C8FCD /* SDL_mixer.framework */,
				B601582317B7CC57003C8FCD /* Trilight */,
				B601582117B7CC57003C8FCD /* Products */,
			);
			sourceTree = "<group>";
		};
		B601582117B7CC57003C8FCD /* Products */ = {
			isa = PBXGroup;
			children = (
				B601582017B7CC57003C8FCD /* Trilight */,
			);
			name = Products;
			sourceTree = "<group>";
		};
		B601582317B7CC57003C8FCD /* Trilight */ = {
			isa = PBXGroup;
			children = (
				B6CC489117D501E700A6508F /* geometry */,
				B601584917B7D4BC003C8FCD /* stopWatch.cpp */,
				B601584A17B7D4BC003C8FCD /* stopWatch.h */,
				B601582D17B7CC92003C8FCD /* SDLMain.h */,
				B601582E17B7CC92003C8FCD /* SDLMain.m */,
				B601582617B7CC57003C8FCD /* Trilight.1 */,
				B601585017B7D982003C8FCD /* color.cpp */,
				B601585117B7D982003C8FCD /* color.h */,
				B601585917B7DC6B003C8FCD /* light.cpp */,
				B601585A17B7DC6B003C8FCD /* light.h */,
				B601582417B7CC57003C8FCD /* main.cpp */,
			);
			path = Trilight;
			sourceTree = "<group>";
		};
		B6CC489117D501E700A6508F /* geometry */ = {
			isa = PBXGroup;
			children = (
				B601585317B7DAD8003C8FCD /* rect.cpp */,
				B601585417B7DAD8003C8FCD /* rect.h */,
				B6CC488217D4D4A500A6508F /* vector.cpp */,
				B6CC488317D4D4A500A6508F /* vector.h */,
				B6CC488617D4D4D100A6508F /* point.cpp */,
				B6CC488717D4D4D100A6508F /* point.h */,
				B6CC488D17D501DD00A6508F /* algebra.cpp */,
				B6CC488E17D501DD00A6508F /* algebra.h */,
				B6CC489717D6439800A6508F /* polygon.cpp */,
				B6CC489817D6439900A6508F /* polygon.h */,
				B6CC489A17D6C01600A6508F /* edge.cpp */,
				B6CC489B17D6C01600A6508F /* edge.h */,
			);
			name = geometry;
			sourceTree = "<group>";
		};
/* End PBXGroup section */

/* Begin PBXNativeTarget section */
		B601581F17B7CC57003C8FCD /* Trilight */ = {
			isa = PBXNativeTarget;
			buildConfigurationList = B601582A17B7CC57003C8FCD /* Build configuration list for PBXNativeTarget "Trilight" */;
			buildPhases = (
				B601581C17B7CC57003C8FCD /* Sources */,
				B601581D17B7CC57003C8FCD /* Frameworks */,
				B601581E17B7CC57003C8FCD /* CopyFiles */,
			);
			buildRules = (
			);
			dependencies = (
			);
			name = Trilight;
			productName = Trilight;
			productReference = B601582017B7CC57003C8FCD /* Trilight */;
			productType = "com.apple.product-type.tool";
		};
/* End PBXNativeTarget section */

/* Begin PBXProject section */
		B601581717B7CC57003C8FCD /* Project object */ = {
			isa = PBXProject;
			attributes = {
				LastUpgradeCheck = 0500;
				ORGANIZATIONNAME = Yue;
			};
			buildConfigurationList = B601581A17B7CC57003C8FCD /* Build configuration list for PBXProject "Trilight" */;
			compatibilityVersion = "Xcode 3.2";
			developmentRegion = English;
			hasScannedForEncodings = 0;
			knownRegions = (
				en,
			);
			mainGroup = B601581517B7CC57003C8FCD;
			productRefGroup = B601582117B7CC57003C8FCD /* Products */;
			projectDirPath = "";
			projectRoot = "";
			targets = (
				B601581F17B7CC57003C8FCD /* Trilight */,
			);
		};
/* End PBXProject section */

/* Begin PBXSourcesBuildPhase section */
		B601581C17B7CC57003C8FCD /* Sources */ = {
			isa = PBXSourcesBuildPhase;
			buildActionMask = 2147483647;
			files = (
				B601582517B7CC57003C8FCD /* main.cpp in Sources */,
				B601582F17B7CC92003C8FCD /* SDLMain.m in Sources */,
				B601584B17B7D4BC003C8FCD /* stopWatch.cpp in Sources */,
				B601585217B7D982003C8FCD /* color.cpp in Sources */,
				B601585517B7DAD8003C8FCD /* rect.cpp in Sources */,
				B601585B17B7DC6B003C8FCD /* light.cpp in Sources */,
				B6CC488417D4D4A500A6508F /* vector.cpp in Sources */,
				B6CC488817D4D4D100A6508F /* point.cpp in Sources */,
				B6CC488F17D501DD00A6508F /* algebra.cpp in Sources */,
				B6CC489917D6439900A6508F /* polygon.cpp in Sources */,
				B6CC489C17D6C01600A6508F /* edge.cpp in Sources */,
			);
			runOnlyForDeploymentPostprocessing = 0;
		};
/* End PBXSourcesBuildPhase section */

/* Begin XCBuildConfiguration section */
		B601582817B7CC57003C8FCD /* Debug */ = {
			isa = XCBuildConfiguration;
			buildSettings = {
				ALWAYS_SEARCH_USER_PATHS = NO;
				CLANG_CXX_LANGUAGE_STANDARD = "gnu++0x";
				CLANG_CXX_LIBRARY = "libc++";
				CLANG_WARN_EMPTY_BODY = YES;
				CLANG_WARN__DUPLICATE_METHOD_MATCH = YES;
				COPY_PHASE_STRIP = NO;
				GCC_C_LANGUAGE_STANDARD = gnu99;
				GCC_DYNAMIC_NO_PIC = NO;
				GCC_ENABLE_OBJC_EXCEPTIONS = YES;
				GCC_OPTIMIZATION_LEVEL = 0;
				GCC_PREPROCESSOR_DEFINITIONS = (
					"DEBUG=1",
					"$(inherited)",
				);
				GCC_SYMBOLS_PRIVATE_EXTERN = NO;
				GCC_WARN_64_TO_32_BIT_CONVERSION = YES;
				GCC_WARN_ABOUT_RETURN_TYPE = YES;
				GCC_WARN_UNINITIALIZED_AUTOS = YES;
				GCC_WARN_UNUSED_VARIABLE = YES;
				MACOSX_DEPLOYMENT_TARGET = 10.7;
				ONLY_ACTIVE_ARCH = YES;
				SDKROOT = macosx;
			};
			name = Debug;
		};
		B601582917B7CC57003C8FCD /* Release */ = {
			isa = XCBuildConfiguration;
			buildSettings = {
				ALWAYS_SEARCH_USER_PATHS = NO;
				CLANG_CXX_LANGUAGE_STANDARD = "gnu++0x";
				CLANG_CXX_LIBRARY = "libc++";
				CLANG_WARN_EMPTY_BODY = YES;
				CLANG_WARN__DUPLICATE_METHOD_MATCH = YES;
				COPY_PHASE_STRIP = YES;
				DEBUG_INFORMATION_FORMAT = "dwarf-with-dsym";
				GCC_C_LANGUAGE_STANDARD = gnu99;
				GCC_ENABLE_OBJC_EXCEPTIONS = YES;
				GCC_WARN_64_TO_32_BIT_CONVERSION = YES;
				GCC_WARN_ABOUT_RETURN_TYPE = YES;
				GCC_WARN_UNINITIALIZED_AUTOS = YES;
				GCC_WARN_UNUSED_VARIABLE = YES;
				MACOSX_DEPLOYMENT_TARGET = 10.7;
				SDKROOT = macosx;
			};
			name = Release;
		};
		B601582B17B7CC57003C8FCD /* Debug */ = {
			isa = XCBuildConfiguration;
			buildSettings = {
				FRAMEWORK_SEARCH_PATHS = /Library/Frameworks;
				PRODUCT_NAME = "$(TARGET_NAME)";
			};
			name = Debug;
		};
		B601582C17B7CC57003C8FCD /* Release */ = {
			isa = XCBuildConfiguration;
			buildSettings = {
				FRAMEWORK_SEARCH_PATHS = /Library/Frameworks;
				PRODUCT_NAME = "$(TARGET_NAME)";
			};
			name = Release;
		};
/* End XCBuildConfiguration section */

/* Begin XCConfigurationList section */
		B601581A17B7CC57003C8FCD /* Build configuration list for PBXProject "Trilight" */ = {
			isa = XCConfigurationList;
			buildConfigurations = (
				B601582817B7CC57003C8FCD /* Debug */,
				B601582917B7CC57003C8FCD /* Release */,
			);
			defaultConfigurationIsVisible = 0;
			defaultConfigurationName = Release;
		};
		B601582A17B7CC57003C8FCD /* Build configuration list for PBXNativeTarget "Trilight" */ = {
			isa = XCConfigurationList;
			buildConfigurations = (
				B601582B17B7CC57003C8FCD /* Debug */,
				B601582C17B7CC57003C8FCD /* Release */,
			);
			defaultConfigurationIsVisible = 0;
			defaultConfigurationName = Release;
		};
/* End XCConfigurationList section */
	};
	rootObject = B601581717B7CC57003C8FCD /* Project object */;
}
